
Microsoft Visual Studio Solution File, Format Version 12.00
# Visual Studio Version 16
VisualStudioVersion = 16.0.29411.108
MinimumVisualStudioVersion = 10.0.40219.1
Project("{FAE04EC0-301F-11D3-BF4B-00C04F79EFBC}") = "HostelNepal", "HostelNepal\HostelNepal.csproj", "{EB36C6FE-E9E9-42FA-A471-49B7FCBD0650}"
EndProject
Global
	GlobalSection(SolutionConfigurationPlatforms) = preSolution
		Debug|Any CPU = Debug|Any CPU
		Release|Any CPU = Release|Any CPU
	EndGlobalSection
	GlobalSection(ProjectConfigurationPlatforms) = postSolution
		{EB36C6FE-E9E9-42FA-A471-49B7FCBD0650}.Debug|Any CPU.ActiveCfg = Debug|Any CPU
		{EB36C6FE-E9E9-42FA-A471-49B7FCBD0650}.Debug|Any CPU.Build.0 = Debug|Any CPU
		{EB36C6FE-E9E9-42FA-A471-49B7FCBD0650}.Release|Any CPU.ActiveCfg = Release|Any CPU
		{EB36C6FE-E9E9-42FA-A471-49B7FCBD0650}.Release|Any CPU.Build.0 = Release|Any CPU
	EndGlobalSection
	GlobalSection(SolutionProperties) = preSolution
		HideSolutionNode = FALSE
	EndGlobalSection
	GlobalSection(ExtensibilityGlobals) = postSolution
		SolutionGuid = {5FE08841-DF1A-4ED3-8ABC-98A549E3893D}
	EndGlobalSection
EndGlobal
